{
  "name": "@skilld/cli-wasm32-wasi",
  "version": "3.0.0-alpha.1",
  "lockfileVersion": 3,
  "requires": true,
  "packages": {
    "": {
      "name": "@skilld/cli-wasm32-wasi",
      "version": "3.0.0-alpha.1",
      "license": "MIT",
      "dependencies": {
        "@bytecodealliance/preview2-shim": "0.20.2"
      },
      "engines": {
        "node": ">=22.0.0"
      }
    },
    "node_modules/@bytecodealliance/preview2-shim": {
      "version": "0.20.2",
      "resolved": "https://registry.npmjs.org/@bytecodealliance/preview2-shim/-/preview2-shim-0.20.2.tgz",
      "integrity": "sha512-Bp1cer1jztaQamLv1YKdc4MimI9LNAAKM2lNxOtGTLs7/At5KlA0fW1HWTi3ZJ5McaWNwJUDWSe5Lr0EgUpsnA==",
      "license": "(Apache-2.0 WITH LLVM-exception)"
    }
  }
}
